// !$*UTF8*$!
{
	archiveVersion = 1;
	classes = {
	};
	objectVersion = 51;
	objects = {

/* Begin PBXBuildFile section */
		23F26501D582001851D4B430 /* Pods_toDoFirebase.framework in Frameworks */ = {isa = PBXBuildFile; fileRef = D9F973BA40F8D86541A2D3D0 /* Pods_toDoFirebase.framework */; };
		4DCEC9F125DA7C9A00F0C6A2 /* AppDelegate.swift in Sources */ = {isa = PBXBuildFile; fileRef = 4DCEC9F025DA7C9A00F0C6A2 /* AppDelegate.swift */; };
		4DCEC9F325DA7C9A00F0C6A2 /* SceneDelegate.swift in Sources */ = {isa = PBXBuildFile; fileRef = 4DCEC9F225DA7C9A00F0C6A2 /* SceneDelegate.swift */; };
		4DCEC9F825DA7C9A00F0C6A2 /* Main.storyboard in Resources */ = {isa = PBXBuildFile; fileRef = 4DCEC9F625DA7C9A00F0C6A2 /* Main.storyboard */; };
		4DCEC9FA25DA7C9D00F0C6A2 /* Assets.xcassets in Resources */ = {isa = PBXBuildFile; fileRef = 4DCEC9F925DA7C9D00F0C6A2 /* Assets.xcassets */; };
		4DCEC9FD25DA7C9D00F0C6A2 /* LaunchScreen.storyboard in Resources */ = {isa = PBXBuildFile; fileRef = 4DCEC9FB25DA7C9D00F0C6A2 /* LaunchScreen.storyboard */; };
		4DCECA0A25DA7D2200F0C6A2 /* TaskTableViewCell.swift in Sources */ = {isa = PBXBuildFile; fileRef = 4DCECA0825DA7D2200F0C6A2 /* TaskTableViewCell.swift */; };
		4DCECA2825DAC78300F0C6A2 /* TaskViewController.swift in Sources */ = {isa = PBXBuildFile; fileRef = 4DCECA2725DAC78300F0C6A2 /* TaskViewController.swift */; };
		4DCECA2E25DACA4F00F0C6A2 /* TaskUIView.swift in Sources */ = {isa = PBXBuildFile; fileRef = 4DCECA2D25DACA4F00F0C6A2 /* TaskUIView.swift */; };
		4DCECA3225DAD0F300F0C6A2 /* Task.swift in Sources */ = {isa = PBXBuildFile; fileRef = 4DCECA3125DAD0F300F0C6A2 /* Task.swift */; };
		4DCECA3725DAD30600F0C6A2 /* LoginViewController.swift in Sources */ = {isa = PBXBuildFile; fileRef = 4DCECA3625DAD30600F0C6A2 /* LoginViewController.swift */; };
		4DCECA3B25DAD31F00F0C6A2 /* LoginView.swift in Sources */ = {isa = PBXBuildFile; fileRef = 4DCECA3A25DAD31E00F0C6A2 /* LoginView.swift */; };
		4DCECA3E25DBC33400F0C6A2 /* extensions.swift in Sources */ = {isa = PBXBuildFile; fileRef = 4DCECA3D25DBC33400F0C6A2 /* extensions.swift */; };
		4DCECA4125DD3BE700F0C6A2 /* GoogleService-Info.plist in Resources */ = {isa = PBXBuildFile; fileRef = 4DCECA4025DD3BE600F0C6A2 /* GoogleService-Info.plist */; };
		4DD5739525E023CA00BA68DE /* RegistrationView.xib in Resources */ = {isa = PBXBuildFile; fileRef = 4DD5739425E023CA00BA68DE /* RegistrationView.xib */; };
		4DD5739925E023E800BA68DE /* RegistrationView.swift in Sources */ = {isa = PBXBuildFile; fileRef = 4DD5739825E023E800BA68DE /* RegistrationView.swift */; };
		4DD5739E25E0681300BA68DE /* Authorization.swift in Sources */ = {isa = PBXBuildFile; fileRef = 4DD5739D25E0681300BA68DE /* Authorization.swift */; };
/* End PBXBuildFile section */

/* Begin PBXFileReference section */
		0093E71503534C3E1B8EFC7E /* Pods-toDoFirebase.release.xcconfig */ = {isa = PBXFileReference; includeInIndex = 1; lastKnownFileType = text.xcconfig; name = "Pods-toDoFirebase.release.xcconfig"; path = "Target Support Files/Pods-toDoFirebase/Pods-toDoFirebase.release.xcconfig"; sourceTree = "<group>"; };
		34F28F35CEBB863C61792881 /* Pods-toDoFirebase.debug.xcconfig */ = {isa = PBXFileReference; includeInIndex = 1; lastKnownFileType = text.xcconfig; name = "Pods-toDoFirebase.debug.xcconfig"; path = "Target Support Files/Pods-toDoFirebase/Pods-toDoFirebase.debug.xcconfig"; sourceTree = "<group>"; };
		4DCEC9ED25DA7C9A00F0C6A2 /* toDoFirebase.app */ = {isa = PBXFileReference; explicitFileType = wrapper.application; includeInIndex = 0; path = toDoFirebase.app; sourceTree = BUILT_PRODUCTS_DIR; };
		4DCEC9F025DA7C9A00F0C6A2 /* AppDelegate.swift */ = {isa = PBXFileReference; lastKnownFileType = sourcecode.swift; path = AppDelegate.swift; sourceTree = "<group>"; };
		4DCEC9F225DA7C9A00F0C6A2 /* SceneDelegate.swift */ = {isa = PBXFileReference; lastKnownFileType = sourcecode.swift; path = SceneDelegate.swift; sourceTree = "<group>"; };
		4DCEC9F725DA7C9A00F0C6A2 /* Base */ = {isa = PBXFileReference; lastKnownFileType = file.storyboard; name = Base; path = Base.lproj/Main.storyboard; sourceTree = "<group>"; };
		4DCEC9F925DA7C9D00F0C6A2 /* Assets.xcassets */ = {isa = PBXFileReference; lastKnownFileType = folder.assetcatalog; path = Assets.xcassets; sourceTree = "<group>"; };
		4DCEC9FC25DA7C9D00F0C6A2 /* Base */ = {isa = PBXFileReference; lastKnownFileType = file.storyboard; name = Base; path = Base.lproj/LaunchScreen.storyboard; sourceTree = "<group>"; };
		4DCEC9FE25DA7C9D00F0C6A2 /* Info.plist */ = {isa = PBXFileReference; lastKnownFileType = text.plist.xml; path = Info.plist; sourceTree = "<group>"; };
		4DCECA0825DA7D2200F0C6A2 /* TaskTableViewCell.swift */ = {isa = PBXFileReference; lastKnownFileType = sourcecode.swift; path = TaskTableViewCell.swift; sourceTree = "<group>"; };
		4DCECA2725DAC78300F0C6A2 /* TaskViewController.swift */ = {isa = PBXFileReference; lastKnownFileType = sourcecode.swift; path = TaskViewController.swift; sourceTree = "<group>"; };
		4DCECA2D25DACA4F00F0C6A2 /* TaskUIView.swift */ = {isa = PBXFileReference; lastKnownFileType = sourcecode.swift; path = TaskUIView.swift; sourceTree = "<group>"; };
		4DCECA3125DAD0F300F0C6A2 /* Task.swift */ = {isa = PBXFileReference; lastKnownFileType = sourcecode.swift; path = Task.swift; sourceTree = "<group>"; };
		4DCECA3625DAD30600F0C6A2 /* LoginViewController.swift */ = {isa = PBXFileReference; lastKnownFileType = sourcecode.swift; path = LoginViewController.swift; sourceTree = "<group>"; };
		4DCECA3A25DAD31E00F0C6A2 /* LoginView.swift */ = {isa = PBXFileReference; fileEncoding = 4; lastKnownFileType = sourcecode.swift; path = LoginView.swift; sourceTree = "<group>"; };
		4DCECA3D25DBC33400F0C6A2 /* extensions.swift */ = {isa = PBXFileReference; lastKnownFileType = sourcecode.swift; path = extensions.swift; sourceTree = "<group>"; };
		4DCECA4025DD3BE600F0C6A2 /* GoogleService-Info.plist */ = {isa = PBXFileReference; fileEncoding = 4; lastKnownFileType = text.plist.xml; path = "GoogleService-Info.plist"; sourceTree = "<group>"; };
		4DD5739425E023CA00BA68DE /* RegistrationView.xib */ = {isa = PBXFileReference; lastKnownFileType = file.xib; path = RegistrationView.xib; sourceTree = "<group>"; };
		4DD5739825E023E800BA68DE /* RegistrationView.swift */ = {isa = PBXFileReference; lastKnownFileType = sourcecode.swift; path = RegistrationView.swift; sourceTree = "<group>"; };
		4DD5739D25E0681300BA68DE /* Authorization.swift */ = {isa = PBXFileReference; lastKnownFileType = sourcecode.swift; path = Authorization.swift; sourceTree = "<group>"; };
		D9F973BA40F8D86541A2D3D0 /* Pods_toDoFirebase.framework */ = {isa = PBXFileReference; explicitFileType = wrapper.framework; includeInIndex = 0; path = Pods_toDoFirebase.framework; sourceTree = BUILT_PRODUCTS_DIR; };
/* End PBXFileReference section */

/* Begin PBXFrameworksBuildPhase section */
		4DCEC9EA25DA7C9A00F0C6A2 /* Frameworks */ = {
			isa = PBXFrameworksBuildPhase;
			buildActionMask = 2147483647;
			files = (
				23F26501D582001851D4B430 /* Pods_toDoFirebase.framework in Frameworks */,
			);
			runOnlyForDeploymentPostprocessing = 0;
		};
/* End PBXFrameworksBuildPhase section */

/* Begin PBXGroup section */
		0780E78006DA658B20E9E6A3 /* Pods */ = {
			isa = PBXGroup;
			children = (
				34F28F35CEBB863C61792881 /* Pods-toDoFirebase.debug.xcconfig */,
				0093E71503534C3E1B8EFC7E /* Pods-toDoFirebase.release.xcconfig */,
			);
			path = Pods;
			sourceTree = "<group>";
		};
		4DCEC9E425DA7C9A00F0C6A2 = {
			isa = PBXGroup;
			children = (
				4DCEC9EF25DA7C9A00F0C6A2 /* toDoFirebase */,
				4DCEC9EE25DA7C9A00F0C6A2 /* Products */,
				0780E78006DA658B20E9E6A3 /* Pods */,
				C0C41DFAD38242370EAA97F9 /* Frameworks */,
			);
			sourceTree = "<group>";
		};
		4DCEC9EE25DA7C9A00F0C6A2 /* Products */ = {
			isa = PBXGroup;
			children = (
				4DCEC9ED25DA7C9A00F0C6A2 /* toDoFirebase.app */,
			);
			name = Products;
			sourceTree = "<group>";
		};
		4DCEC9EF25DA7C9A00F0C6A2 /* toDoFirebase */ = {
			isa = PBXGroup;
			children = (
				4DCEC9F025DA7C9A00F0C6A2 /* AppDelegate.swift */,
				4DCEC9F225DA7C9A00F0C6A2 /* SceneDelegate.swift */,
				4DCECA3425DAD0F900F0C6A2 /* Model */,
				4DCECA2425DAC71900F0C6A2 /* View */,
				4DCECA2B25DAC79A00F0C6A2 /* Controller */,
				4DCEC9F625DA7C9A00F0C6A2 /* Main.storyboard */,
				4DCECA3D25DBC33400F0C6A2 /* extensions.swift */,
				4DCEC9F925DA7C9D00F0C6A2 /* Assets.xcassets */,
				4DCEC9FB25DA7C9D00F0C6A2 /* LaunchScreen.storyboard */,
				4DCEC9FE25DA7C9D00F0C6A2 /* Info.plist */,
				4DCECA4025DD3BE600F0C6A2 /* GoogleService-Info.plist */,
			);
			path = toDoFirebase;
			sourceTree = "<group>";
		};
		4DCECA2425DAC71900F0C6A2 /* View */ = {
			isa = PBXGroup;
			children = (
				4DCECA0825DA7D2200F0C6A2 /* TaskTableViewCell.swift */,
				4DCECA2D25DACA4F00F0C6A2 /* TaskUIView.swift */,
				4DCECA3A25DAD31E00F0C6A2 /* LoginView.swift */,
				4DD5739725E023CF00BA68DE /* RegistrationView */,
			);
			path = View;
			sourceTree = "<group>";
		};
		4DCECA2B25DAC79A00F0C6A2 /* Controller */ = {
			isa = PBXGroup;
			children = (
				4DCECA3625DAD30600F0C6A2 /* LoginViewController.swift */,
				4DCECA2725DAC78300F0C6A2 /* TaskViewController.swift */,
			);
			path = Controller;
			sourceTree = "<group>";
		};
		4DCECA3425DAD0F900F0C6A2 /* Model */ = {
			isa = PBXGroup;
			children = (
				4DCECA3125DAD0F300F0C6A2 /* Task.swift */,
				4DD5739D25E0681300BA68DE /* Authorization.swift */,
			);
			path = Model;
			sourceTree = "<group>";
		};
		4DD5739725E023CF00BA68DE /* RegistrationView */ = {
			isa = PBXGroup;
			children = (
				4DD5739425E023CA00BA68DE /* RegistrationView.xib */,
				4DD5739825E023E800BA68DE /* RegistrationView.swift */,
			);
			path = RegistrationView;
			sourceTree = "<group>";
		};
		C0C41DFAD38242370EAA97F9 /* Frameworks */ = {
			isa = PBXGroup;
			children = (
				D9F973BA40F8D86541A2D3D0 /* Pods_toDoFirebase.framework */,
			);
			name = Frameworks;
			sourceTree = "<group>";
		};
/* End PBXGroup section */

/* Begin PBXNativeTarget section */
		4DCEC9EC25DA7C9A00F0C6A2 /* toDoFirebase */ = {
			isa = PBXNativeTarget;
			buildConfigurationList = 4DCECA0125DA7C9D00F0C6A2 /* Build configuration list for PBXNativeTarget "toDoFirebase" */;
			buildPhases = (
				93E99825F1E92EEA43E57E95 /* [CP] Check Pods Manifest.lock */,
				4DCEC9E925DA7C9A00F0C6A2 /* Sources */,
				4DCEC9EA25DA7C9A00F0C6A2 /* Frameworks */,
				4DCEC9EB25DA7C9A00F0C6A2 /* Resources */,
				3362A93B269A6D03DAF2EF15 /* [CP] Embed Pods Frameworks */,
			);
			buildRules = (
			);
			dependencies = (
			);
			name = toDoFirebase;
			productName = toDoFirebase;
			productReference = 4DCEC9ED25DA7C9A00F0C6A2 /* toDoFirebase.app */;
			productType = "com.apple.product-type.application";
		};
/* End PBXNativeTarget section */

/* Begin PBXProject section */
		4DCEC9E525DA7C9A00F0C6A2 /* Project object */ = {
			isa = PBXProject;
			attributes = {
				LastSwiftUpdateCheck = 1230;
				LastUpgradeCheck = 1230;
				TargetAttributes = {
					4DCEC9EC25DA7C9A00F0C6A2 = {
						CreatedOnToolsVersion = 12.3;
					};
				};
			};
			buildConfigurationList = 4DCEC9E825DA7C9A00F0C6A2 /* Build configuration list for PBXProject "toDoFirebase" */;
			compatibilityVersion = "Xcode 9.3";
			developmentRegion = en;
			hasScannedForEncodings = 0;
			knownRegions = (
				en,
				Base,
			);
			mainGroup = 4DCEC9E425DA7C9A00F0C6A2;
			productRefGroup = 4DCEC9EE25DA7C9A00F0C6A2 /* Products */;
			projectDirPath = "";
			projectRoot = "";
			targets = (
				4DCEC9EC25DA7C9A00F0C6A2 /* toDoFirebase */,
			);
		};
/* End PBXProject section */

/* Begin PBXResourcesBuildPhase section */
		4DCEC9EB25DA7C9A00F0C6A2 /* Resources */ = {
			isa = PBXResourcesBuildPhase;
			buildActionMask = 2147483647;
			files = (
				4DCEC9FD25DA7C9D00F0C6A2 /* LaunchScreen.storyboard in Resources */,
				4DCEC9FA25DA7C9D00F0C6A2 /* Assets.xcassets in Resources */,
				4DD5739525E023CA00BA68DE /* RegistrationView.xib in Resources */,
				4DCECA4125DD3BE700F0C6A2 /* GoogleService-Info.plist in Resources */,
				4DCEC9F825DA7C9A00F0C6A2 /* Main.storyboard in Resources */,
			);
			runOnlyForDeploymentPostprocessing = 0;
		};
/* End PBXResourcesBuildPhase section */

/* Begin PBXShellScriptBuildPhase section */
		3362A93B269A6D03DAF2EF15 /* [CP] Embed Pods Frameworks */ = {
			isa = PBXShellScriptBuildPhase;
			buildActionMask = 2147483647;
			files = (
			);
			inputFileListPaths = (
				"${PODS_ROOT}/Target Support Files/Pods-toDoFirebase/Pods-toDoFirebase-frameworks-${CONFIGURATION}-input-files.xcfilelist",
			);
			name = "[CP] Embed Pods Frameworks";
			outputFileListPaths = (
				"${PODS_ROOT}/Target Support Files/Pods-toDoFirebase/Pods-toDoFirebase-frameworks-${CONFIGURATION}-output-files.xcfilelist",
			);
			runOnlyForDeploymentPostprocessing = 0;
			shellPath = /bin/sh;
			shellScript = "\"${PODS_ROOT}/Target Support Files/Pods-toDoFirebase/Pods-toDoFirebase-frameworks.sh\"\n";
			showEnvVarsInLog = 0;
		};
		93E99825F1E92EEA43E57E95 /* [CP] Check Pods Manifest.lock */ = {
			isa = PBXShellScriptBuildPhase;
			buildActionMask = 2147483647;
			files = (
			);
			inputFileListPaths = (
			);
			inputPaths = (
				"${PODS_PODFILE_DIR_PATH}/Podfile.lock",
				"${PODS_ROOT}/Manifest.lock",
			);
			name = "[CP] Check Pods Manifest.lock";
			outputFileListPaths = (
			);
			outputPaths = (
				"$(DERIVED_FILE_DIR)/Pods-toDoFirebase-checkManifestLockResult.txt",
			);
			runOnlyForDeploymentPostprocessing = 0;
			shellPath = /bin/sh;
			shellScript = "diff \"${PODS_PODFILE_DIR_PATH}/Podfile.lock\" \"${PODS_ROOT}/Manifest.lock\" > /dev/null\nif [ $? != 0 ] ; then\n    # print error to STDERR\n    echo \"error: The sandbox is not in sync with the Podfile.lock. Run 'pod install' or update your CocoaPods installation.\" >&2\n    exit 1\nfi\n# This output is used by Xcode 'outputs' to avoid re-running this script phase.\necho \"SUCCESS\" > \"${SCRIPT_OUTPUT_FILE_0}\"\n";
			showEnvVarsInLog = 0;
		};
/* End PBXShellScriptBuildPhase section */

/* Begin PBXSourcesBuildPhase section */
		4DCEC9E925DA7C9A00F0C6A2 /* Sources */ = {
			isa = PBXSourcesBuildPhase;
			buildActionMask = 2147483647;
			files = (
				4DCECA3725DAD30600F0C6A2 /* LoginViewController.swift in Sources */,
				4DCECA0A25DA7D2200F0C6A2 /* TaskTableViewCell.swift in Sources */,
				4DCECA2825DAC78300F0C6A2 /* TaskViewController.swift in Sources */,
				4DCEC9F125DA7C9A00F0C6A2 /* AppDelegate.swift in Sources */,
				4DD5739E25E0681300BA68DE /* Authorization.swift in Sources */,
				4DCEC9F325DA7C9A00F0C6A2 /* SceneDelegate.swift in Sources */,
				4DCECA3E25DBC33400F0C6A2 /* extensions.swift in Sources */,
				4DCECA3225DAD0F300F0C6A2 /* Task.swift in Sources */,
				4DCECA3B25DAD31F00F0C6A2 /* LoginView.swift in Sources */,
				4DCECA2E25DACA4F00F0C6A2 /* TaskUIView.swift in Sources */,
				4DD5739925E023E800BA68DE /* RegistrationView.swift in Sources */,
			);
			runOnlyForDeploymentPostprocessing = 0;
		};
/* End PBXSourcesBuildPhase section */

/* Begin PBXVariantGroup section */
		4DCEC9F625DA7C9A00F0C6A2 /* Main.storyboard */ = {
			isa = PBXVariantGroup;
			children = (
				4DCEC9F725DA7C9A00F0C6A2 /* Base */,
			);
			name = Main.storyboard;
			sourceTree = "<group>";
		};
		4DCEC9FB25DA7C9D00F0C6A2 /* LaunchScreen.storyboard */ = {
			isa = PBXVariantGroup;
			children = (
				4DCEC9FC25DA7C9D00F0C6A2 /* Base */,
			);
			name = LaunchScreen.storyboard;
			sourceTree = "<group>";
		};
/* End PBXVariantGroup section */

/* Begin XCBuildConfiguration section */
		4DCEC9FF25DA7C9D00F0C6A2 /* Debug */ = {
			isa = XCBuildConfiguration;
			buildSettings = {
				ALWAYS_SEARCH_USER_PATHS = NO;
				CLANG_ANALYZER_NONNULL = YES;
				CLANG_ANALYZER_NUMBER_OBJECT_CONVERSION = YES_AGGRESSIVE;
				CLANG_CXX_LANGUAGE_STANDARD = "gnu++14";
				CLANG_CXX_LIBRARY = "libc++";
				CLANG_ENABLE_MODULES = YES;
				CLANG_ENABLE_OBJC_ARC = YES;
				CLANG_ENABLE_OBJC_WEAK = YES;
				CLANG_WARN_BLOCK_CAPTURE_AUTORELEASING = YES;
				CLANG_WARN_BOOL_CONVERSION = YES;
				CLANG_WARN_COMMA = YES;
				CLANG_WARN_CONSTANT_CONVERSION = YES;
				CLANG_WARN_DEPRECATED_OBJC_IMPLEMENTATIONS = YES;
				CLANG_WARN_DIRECT_OBJC_ISA_USAGE = YES_ERROR;
				CLANG_WARN_DOCUMENTATION_COMMENTS = YES;
				CLANG_WARN_EMPTY_BODY = YES;
				CLANG_WARN_ENUM_CONVERSION = YES;
				CLANG_WARN_INFINITE_RECURSION = YES;
				CLANG_WARN_INT_CONVERSION = YES;
				CLANG_WARN_NON_LITERAL_NULL_CONVERSION = YES;
				CLANG_WARN_OBJC_IMPLICIT_RETAIN_SELF = YES;
				CLANG_WARN_OBJC_LITERAL_CONVERSION = YES;
				CLANG_WARN_OBJC_ROOT_CLASS = YES_ERROR;
				CLANG_WARN_QUOTED_INCLUDE_IN_FRAMEWORK_HEADER = YES;
				CLANG_WARN_RANGE_LOOP_ANALYSIS = YES;
				CLANG_WARN_STRICT_PROTOTYPES = YES;
				CLANG_WARN_SUSPICIOUS_MOVE = YES;
				CLANG_WARN_UNGUARDED_AVAILABILITY = YES_AGGRESSIVE;
				CLANG_WARN_UNREACHABLE_CODE = YES;
				CLANG_WARN__DUPLICATE_METHOD_MATCH = YES;
				COPY_PHASE_STRIP = NO;
				DEBUG_INFORMATION_FORMAT = dwarf;
				ENABLE_STRICT_OBJC_MSGSEND = YES;
				ENABLE_TESTABILITY = YES;
				GCC_C_LANGUAGE_STANDARD = gnu11;
				GCC_DYNAMIC_NO_PIC = NO;
				GCC_NO_COMMON_BLOCKS = YES;
				GCC_OPTIMIZATION_LEVEL = 0;
				GCC_PREPROCESSOR_DEFINITIONS = (
					"DEBUG=1",
					"$(inherited)",
				);
				GCC_WARN_64_TO_32_BIT_CONVERSION = YES;
				GCC_WARN_ABOUT_RETURN_TYPE = YES_ERROR;
				GCC_WARN_UNDECLARED_SELECTOR = YES;
				GCC_WARN_UNINITIALIZED_AUTOS = YES_AGGRESSIVE;
				GCC_WARN_UNUSED_FUNCTION = YES;
				GCC_WARN_UNUSED_VARIABLE = YES;
				IPHONEOS_DEPLOYMENT_TARGET = 14.3;
				MTL_ENABLE_DEBUG_INFO = INCLUDE_SOURCE;
				MTL_FAST_MATH = YES;
				ONLY_ACTIVE_ARCH = YES;
				SDKROOT = iphoneos;
				SWIFT_ACTIVE_COMPILATION_CONDITIONS = DEBUG;
				SWIFT_OPTIMIZATION_LEVEL = "-Onone";
			};
			name = Debug;
		};
		4DCECA0025DA7C9D00F0C6A2 /* Release */ = {
			isa = XCBuildConfiguration;
			buildSettings = {
				ALWAYS_SEARCH_USER_PATHS = NO;
				CLANG_ANALYZER_NONNULL = YES;
				CLANG_ANALYZER_NUMBER_OBJECT_CONVERSION = YES_AGGRESSIVE;
				CLANG_CXX_LANGUAGE_STANDARD = "gnu++14";
				CLANG_CXX_LIBRARY = "libc++";
				CLANG_ENABLE_MODULES = YES;
				CLANG_ENABLE_OBJC_ARC = YES;
				CLANG_ENABLE_OBJC_WEAK = YES;
				CLANG_WARN_BLOCK_CAPTURE_AUTORELEASING = YES;
				CLANG_WARN_BOOL_CONVERSION = YES;
				CLANG_WARN_COMMA = YES;
				CLANG_WARN_CONSTANT_CONVERSION = YES;
				CLANG_WARN_DEPRECATED_OBJC_IMPLEMENTATIONS = YES;
				CLANG_WARN_DIRECT_OBJC_ISA_USAGE = YES_ERROR;
				CLANG_WARN_DOCUMENTATION_COMMENTS = YES;
				CLANG_WARN_EMPTY_BODY = YES;
				CLANG_WARN_ENUM_CONVERSION = YES;
				CLANG_WARN_INFINITE_RECURSION = YES;
				CLANG_WARN_INT_CONVERSION = YES;
				CLANG_WARN_NON_LITERAL_NULL_CONVERSION = YES;
				CLANG_WARN_OBJC_IMPLICIT_RETAIN_SELF = YES;
				CLANG_WARN_OBJC_LITERAL_CONVERSION = YES;
				CLANG_WARN_OBJC_ROOT_CLASS = YES_ERROR;
				CLANG_WARN_QUOTED_INCLUDE_IN_FRAMEWORK_HEADER = YES;
				CLANG_WARN_RANGE_LOOP_ANALYSIS = YES;
				CLANG_WARN_STRICT_PROTOTYPES = YES;
				CLANG_WARN_SUSPICIOUS_MOVE = YES;
				CLANG_WARN_UNGUARDED_AVAILABILITY = YES_AGGRESSIVE;
				CLANG_WARN_UNREACHABLE_CODE = YES;
				CLANG_WARN__DUPLICATE_METHOD_MATCH = YES;
				COPY_PHASE_STRIP = NO;
				DEBUG_INFORMATION_FORMAT = "dwarf-with-dsym";
				ENABLE_NS_ASSERTIONS = NO;
				ENABLE_STRICT_OBJC_MSGSEND = YES;
				GCC_C_LANGUAGE_STANDARD = gnu11;
				GCC_NO_COMMON_BLOCKS = YES;
				GCC_WARN_64_TO_32_BIT_CONVERSION = YES;
				GCC_WARN_ABOUT_RETURN_TYPE = YES_ERROR;
				GCC_WARN_UNDECLARED_SELECTOR = YES;
				GCC_WARN_UNINITIALIZED_AUTOS = YES_AGGRESSIVE;
				GCC_WARN_UNUSED_FUNCTION = YES;
				GCC_WARN_UNUSED_VARIABLE = YES;
				IPHONEOS_DEPLOYMENT_TARGET = 14.3;
				MTL_ENABLE_DEBUG_INFO = NO;
				MTL_FAST_MATH = YES;
				SDKROOT = iphoneos;
				SWIFT_COMPILATION_MODE = wholemodule;
				SWIFT_OPTIMIZATION_LEVEL = "-O";
				VALIDATE_PRODUCT = YES;
			};
			name = Release;
		};
		4DCECA0225DA7C9D00F0C6A2 /* Debug */ = {
			isa = XCBuildConfiguration;
			baseConfigurationReference = 34F28F35CEBB863C61792881 /* Pods-toDoFirebase.debug.xcconfig */;
			buildSettings = {
				ASSETCATALOG_COMPILER_APPICON_NAME = AppIcon;
				ASSETCATALOG_COMPILER_GLOBAL_ACCENT_COLOR_NAME = AccentColor;
				CODE_SIGN_STYLE = Automatic;
				DEVELOPMENT_TEAM = MPT7MF7F47;
				INFOPLIST_FILE = toDoFirebase/Info.plist;
				LD_RUNPATH_SEARCH_PATHS = (
					"$(inherited)",
					"@executable_path/Frameworks",
				);
				PRODUCT_BUNDLE_IDENTIFIER = Ananev.toDoFirebase;
				PRODUCT_NAME = "$(TARGET_NAME)";
				SWIFT_VERSION = 5.0;
				TARGETED_DEVICE_FAMILY = "1,2";
			};
			name = Debug;
		};
		4DCECA0325DA7C9D00F0C6A2 /* Release */ = {
			isa = XCBuildConfiguration;
			baseConfigurationReference = 0093E71503534C3E1B8EFC7E /* Pods-toDoFirebase.release.xcconfig */;
			buildSettings = {
				ASSETCATALOG_COMPILER_APPICON_NAME = AppIcon;
				ASSETCATALOG_COMPILER_GLOBAL_ACCENT_COLOR_NAME = AccentColor;
				CODE_SIGN_STYLE = Automatic;
				DEVELOPMENT_TEAM = MPT7MF7F47;
				INFOPLIST_FILE = toDoFirebase/Info.plist;
				LD_RUNPATH_SEARCH_PATHS = (
					"$(inherited)",
					"@executable_path/Frameworks",
				);
				PRODUCT_BUNDLE_IDENTIFIER = Ananev.toDoFirebase;
				PRODUCT_NAME = "$(TARGET_NAME)";
				SWIFT_VERSION = 5.0;
				TARGETED_DEVICE_FAMILY = "1,2";
			};
			name = Release;
		};
/* End XCBuildConfiguration section */

/* Begin XCConfigurationList section */
		4DCEC9E825DA7C9A00F0C6A2 /* Build configuration list for PBXProject "toDoFirebase" */ = {
			isa = XCConfigurationList;
			buildConfigurations = (
				4DCEC9FF25DA7C9D00F0C6A2 /* Debug */,
				4DCECA0025DA7C9D00F0C6A2 /* Release */,
			);
			defaultConfigurationIsVisible = 0;
			defaultConfigurationName = Release;
		};
		4DCECA0125DA7C9D00F0C6A2 /* Build configuration list for PBXNativeTarget "toDoFirebase" */ = {
			isa = XCConfigurationList;
			buildConfigurations = (
				4DCECA0225DA7C9D00F0C6A2 /* Debug */,
				4DCECA0325DA7C9D00F0C6A2 /* Release */,
			);
			defaultConfigurationIsVisible = 0;
			defaultConfigurationName = Release;
		};
/* End XCConfigurationList section */
	};
	rootObject = 4DCEC9E525DA7C9A00F0C6A2 /* Project object */;
}
